// !$*UTF8*$!
{
	archiveVersion = 1;
	classes = {
	};
	objectVersion = 46;
	objects = {

/* Begin PBXBuildFile section */
		271735111D4DF9F600538785 /* AppDelegate.swift in Sources */ = {isa = PBXBuildFile; fileRef = 271735101D4DF9F600538785 /* AppDelegate.swift */; };
		271735131D4DF9F600538785 /* ViewController.swift in Sources */ = {isa = PBXBuildFile; fileRef = 271735121D4DF9F600538785 /* ViewController.swift */; };
		271735161D4DF9F600538785 /* Main.storyboard in Resources */ = {isa = PBXBuildFile; fileRef = 271735141D4DF9F600538785 /* Main.storyboard */; };
		271735181D4DF9F600538785 /* Assets.xcassets in Resources */ = {isa = PBXBuildFile; fileRef = 271735171D4DF9F600538785 /* Assets.xcassets */; };
		2717351B1D4DF9F600538785 /* LaunchScreen.storyboard in Resources */ = {isa = PBXBuildFile; fileRef = 271735191D4DF9F600538785 /* LaunchScreen.storyboard */; };
/* End PBXBuildFile section */

/* Begin PBXFileReference section */
		2717350D1D4DF9F600538785 /* CutomAlertView.app */ = {isa = PBXFileReference; explicitFileType = wrapper.application; includeInIndex = 0; path = CutomAlertView.app; sourceTree = BUILT_PRODUCTS_DIR; };
		271735101D4DF9F600538785 /* AppDelegate.swift */ = {isa = PBXFileReference; lastKnownFileType = sourcecode.swift; path = AppDelegate.swift; sourceTree = "<group>"; };
		271735121D4DF9F600538785 /* ViewController.swift */ = {isa = PBXFileReference; lastKnownFileType = sourcecode.swift; path = ViewController.swift; sourceTree = "<group>"; };
		271735151D4DF9F600538785 /* Base */ = {isa = PBXFileReference; lastKnownFileType = file.storyboard; name = Base; path = Base.lproj/Main.storyboard; sourceTree = "<group>"; };
		271735171D4DF9F600538785 /* Assets.xcassets */ = {isa = PBXFileReference; lastKnownFileType = folder.assetcatalog; path = Assets.xcassets; sourceTree = "<group>"; };
		2717351A1D4DF9F600538785 /* Base */ = {isa = PBXFileReference; lastKnownFileType = file.storyboard; name = Base; path = Base.lproj/LaunchScreen.storyboard; sourceTree = "<group>"; };
		2717351C1D4DF9F600538785 /* Info.plist */ = {isa = PBXFileReference; lastKnownFileType = text.plist.xml; path = Info.plist; sourceTree = "<group>"; };
/* End PBXFileReference section */

/* Begin PBXFrameworksBuildPhase section */
		2717350A1D4DF9F600538785 /* Frameworks */ = {
			isa = PBXFrameworksBuildPhase;
			buildActionMask = 2147483647;
			files = (
			);
			runOnlyForDeploymentPostprocessing = 0;
		};
/* End PBXFrameworksBuildPhase section */

/* Begin PBXGroup section */
		271735041D4DF9F600538785 = {
			isa = PBXGroup;
			children = (
				2717350F1D4DF9F600538785 /* CutomAlertView */,
				2717350E1D4DF9F600538785 /* Products */,
			);
			sourceTree = "<group>";
		};
		2717350E1D4DF9F600538785 /* Products */ = {
			isa = PBXGroup;
			children = (
				2717350D1D4DF9F600538785 /* CutomAlertView.app */,
			);
			name = Products;
			sourceTree = "<group>";
		};
		2717350F1D4DF9F600538785 /* CutomAlertView */ = {
			isa = PBXGroup;
			children = (
				271735101D4DF9F600538785 /* AppDelegate.swift */,
				271735121D4DF9F600538785 /* ViewController.swift */,
				271735141D4DF9F600538785 /* Main.storyboard */,
				271735171D4DF9F600538785 /* Assets.xcassets */,
				271735191D4DF9F600538785 /* LaunchScreen.storyboard */,
				2717351C1D4DF9F600538785 /* Info.plist */,
			);
			path = CutomAlertView;
			sourceTree = "<group>";
		};
/* End PBXGroup section */

/* Begin PBXNativeTarget section */
		2717350C1D4DF9F600538785 /* CutomAlertView */ = {
			isa = PBXNativeTarget;
			buildConfigurationList = 2717351F1D4DF9F600538785 /* Build configuration list for PBXNativeTarget "CutomAlertView" */;
			buildPhases = (
				271735091D4DF9F600538785 /* Sources */,
				2717350A1D4DF9F600538785 /* Frameworks */,
				2717350B1D4DF9F600538785 /* Resources */,
			);
			buildRules = (
			);
			dependencies = (
			);
			name = CutomAlertView;
			productName = CutomAlertView;
			productReference = 2717350D1D4DF9F600538785 /* CutomAlertView.app */;
			productType = "com.apple.product-type.application";
		};
/* End PBXNativeTarget section */

/* Begin PBXProject section */
		271735051D4DF9F600538785 /* Project object */ = {
			isa = PBXProject;
			attributes = {
				LastSwiftUpdateCheck = 0730;
				LastUpgradeCheck = 0730;
				ORGANIZATIONNAME = elahiammar;
				TargetAttributes = {
					2717350C1D4DF9F600538785 = {
						CreatedOnToolsVersion = 7.3;
					};
				};
			};
			buildConfigurationList = 271735081D4DF9F600538785 /* Build configuration list for PBXProject "CutomAlertView" */;
			compatibilityVersion = "Xcode 3.2";
			developmentRegion = English;
			hasScannedForEncodings = 0;
			knownRegions = (
				en,
				Base,
			);
			mainGroup = 271735041D4DF9F600538785;
			productRefGroup = 2717350E1D4DF9F600538785 /* Products */;
			projectDirPath = "";
			projectRoot = "";
			targets = (
				2717350C1D4DF9F600538785 /* CutomAlertView */,
			);
		};
/* End PBXProject section */

/* Begin PBXResourcesBuildPhase section */
		2717350B1D4DF9F600538785 /* Resources */ = {
			isa = PBXResourcesBuildPhase;
			buildActionMask = 2147483647;
			files = (
				2717351B1D4DF9F600538785 /* LaunchScreen.storyboard in Resources */,
				271735181D4DF9F600538785 /* Assets.xcassets in Resources */,
				271735161D4DF9F600538785 /* Main.storyboard in Resources */,
			);
			runOnlyForDeploymentPostprocessing = 0;
		};
/* End PBXResourcesBuildPhase section */

/* Begin PBXSourcesBuildPhase section */
		271735091D4DF9F600538785 /* Sources */ = {
			isa = PBXSourcesBuildPhase;
			buildActionMask = 2147483647;
			files = (
				271735131D4DF9F600538785 /* ViewController.swift in Sources */,
				271735111D4DF9F600538785 /* AppDelegate.swift in Sources */,
			);
			runOnlyForDeploymentPostprocessing = 0;
		};
/* End PBXSourcesBuildPhase section */

/* Begin PBXVariantGroup section */
		271735141D4DF9F600538785 /* Main.storyboard */ = {
			isa = PBXVariantGroup;
			children = (
				271735151D4DF9F600538785 /* Base */,
			);
			name = Main.storyboard;
			sourceTree = "<group>";
		};
		271735191D4DF9F600538785 /* LaunchScreen.storyboard */ = {
			isa = PBXVariantGroup;
			children = (
				2717351A1D4DF9F600538785 /* Base */,
			);
			name = LaunchScreen.storyboard;
			sourceTree = "<group>";
		};
/* End PBXVariantGroup section */

/* Begin XCBuildConfiguration section */
		2717351D1D4DF9F600538785 /* Debug */ = {
			isa = XCBuildConfiguration;
			buildSettings = {
				ALWAYS_SEARCH_USER_PATHS = NO;
				CLANG_ANALYZER_NONNULL = YES;
				CLANG_CXX_LANGUAGE_STANDARD = "gnu++0x";
				CLANG_CXX_LIBRARY = "libc++";
				CLANG_ENABLE_MODULES = YES;
				CLANG_ENABLE_OBJC_ARC = YES;
				CLANG_WARN_BOOL_CONVERSION = YES;
				CLANG_WARN_CONSTANT_CONVERSION = YES;
				CLANG_WARN_DIRECT_OBJC_ISA_USAGE = YES_ERROR;
				CLANG_WARN_EMPTY_BODY = YES;
				CLANG_WARN_ENUM_CONVERSION = YES;
				CLANG_WARN_INT_CONVERSION = YES;
				CLANG_WARN_OBJC_ROOT_CLASS = YES_ERROR;
				CLANG_WARN_UNREACHABLE_CODE = YES;
				CLANG_WARN__DUPLICATE_METHOD_MATCH = YES;
				"CODE_SIGN_IDENTITY[sdk=iphoneos*]" = "iPhone Developer";
				COPY_PHASE_STRIP = NO;
				DEBUG_INFORMATION_FORMAT = dwarf;
				ENABLE_STRICT_OBJC_MSGSEND = YES;
				ENABLE_TESTABILITY = YES;
				GCC_C_LANGUAGE_STANDARD = gnu99;
				GCC_DYNAMIC_NO_PIC = NO;
				GCC_NO_COMMON_BLOCKS = YES;
				GCC_OPTIMIZATION_LEVEL = 0;
				GCC_PREPROCESSOR_DEFINITIONS = (
					"DEBUG=1",
					"$(inherited)",
				);
				GCC_WARN_64_TO_32_BIT_CONVERSION = YES;
				GCC_WARN_ABOUT_RETURN_TYPE = YES_ERROR;
				GCC_WARN_UNDECLARED_SELECTOR = YES;
				GCC_WARN_UNINITIALIZED_AUTOS = YES_AGGRESSIVE;
				GCC_WARN_UNUSED_FUNCTION = YES;
				GCC_WARN_UNUSED_VARIABLE = YES;
				IPHONEOS_DEPLOYMENT_TARGET = 9.3;
				MTL_ENABLE_DEBUG_INFO = YES;
				ONLY_ACTIVE_ARCH = YES;
				SDKROOT = iphoneos;
				SWIFT_OPTIMIZATION_LEVEL = "-Onone";
				TARGETED_DEVICE_FAMILY = "1,2";
			};
			name = Debug;
		};
		2717351E1D4DF9F600538785 /* Release */ = {
			isa = XCBuildConfiguration;
			buildSettings = {
				ALWAYS_SEARCH_USER_PATHS = NO;
				CLANG_ANALYZER_NONNULL = YES;
				CLANG_CXX_LANGUAGE_STANDARD = "gnu++0x";
				CLANG_CXX_LIBRARY = "libc++";
				CLANG_ENABLE_MODULES = YES;
				CLANG_ENABLE_OBJC_ARC = YES;
				CLANG_WARN_BOOL_CONVERSION = YES;
				CLANG_WARN_CONSTANT_CONVERSION = YES;
				CLANG_WARN_DIRECT_OBJC_ISA_USAGE = YES_ERROR;
				CLANG_WARN_EMPTY_BODY = YES;
				CLANG_WARN_ENUM_CONVERSION = YES;
				CLANG_WARN_INT_CONVERSION = YES;
				CLANG_WARN_OBJC_ROOT_CLASS = YES_ERROR;
				CLANG_WARN_UNREACHABLE_CODE = YES;
				CLANG_WARN__DUPLICATE_METHOD_MATCH = YES;
				"CODE_SIGN_IDENTITY[sdk=iphoneos*]" = "iPhone Developer";
				COPY_PHASE_STRIP = NO;
				DEBUG_INFORMATION_FORMAT = "dwarf-with-dsym";
				ENABLE_NS_ASSERTIONS = NO;
				ENABLE_STRICT_OBJC_MSGSEND = YES;
				GCC_C_LANGUAGE_STANDARD = gnu99;
				GCC_NO_COMMON_BLOCKS = YES;
				GCC_WARN_64_TO_32_BIT_CONVERSION = YES;
				GCC_WARN_ABOUT_RETURN_TYPE = YES_ERROR;
				GCC_WARN_UNDECLARED_SELECTOR = YES;
				GCC_WARN_UNINITIALIZED_AUTOS = YES_AGGRESSIVE;
				GCC_WARN_UNUSED_FUNCTION = YES;
				GCC_WARN_UNUSED_VARIABLE = YES;
				IPHONEOS_DEPLOYMENT_TARGET = 9.3;
				MTL_ENABLE_DEBUG_INFO = NO;
				SDKROOT = iphoneos;
				TARGETED_DEVICE_FAMILY = "1,2";
				VALIDATE_PRODUCT = YES;
			};
			name = Release;
		};
		271735201D4DF9F600538785 /* Debug */ = {
			isa = XCBuildConfiguration;
			buildSettings = {
				ASSETCATALOG_COMPILER_APPICON_NAME = AppIcon;
				INFOPLIST_FILE = CutomAlertView/Info.plist;
				LD_RUNPATH_SEARCH_PATHS = "$(inherited) @executable_path/Frameworks";
				PRODUCT_BUNDLE_IDENTIFIER = com.example.CutomAlertView;
				PRODUCT_NAME = "$(TARGET_NAME)";
			};
			name = Debug;
		};
		271735211D4DF9F600538785 /* Release */ = {
			isa = XCBuildConfiguration;
			buildSettings = {
				ASSETCATALOG_COMPILER_APPICON_NAME = AppIcon;
				INFOPLIST_FILE = CutomAlertView/Info.plist;
				LD_RUNPATH_SEARCH_PATHS = "$(inherited) @executable_path/Frameworks";
				PRODUCT_BUNDLE_IDENTIFIER = com.example.CutomAlertView;
				PRODUCT_NAME = "$(TARGET_NAME)";
			};
			name = Release;
		};
/* End XCBuildConfiguration section */

/* Begin XCConfigurationList section */
		271735081D4DF9F600538785 /* Build configuration list for PBXProject "CutomAlertView" */ = {
			isa = XCConfigurationList;
			buildConfigurations = (
				2717351D1D4DF9F600538785 /* Debug */,
				2717351E1D4DF9F600538785 /* Release */,
			);
			defaultConfigurationIsVisible = 0;
			defaultConfigurationName = Release;
		};
		2717351F1D4DF9F600538785 /* Build configuration list for PBXNativeTarget "CutomAlertView" */ = {
			isa = XCConfigurationList;
			buildConfigurations = (
				271735201D4DF9F600538785 /* Debug */,
				271735211D4DF9F600538785 /* Release */,
			);
			defaultConfigurationIsVisible = 0;
		};
/* End XCConfigurationList section */
	};
	rootObject = 271735051D4DF9F600538785 /* Project object */;
}
